
Microsoft Visual Studio Solution File, Format Version 12.00
# Visual Studio 2012
Project("{FAE04EC0-301F-11D3-BF4B-00C04F79EFBC}") = "Extension-Methods-Delegates-Lambda-LINQ", "Extension-Methods-Delegates-Lambda-LINQ\Extension-Methods-Delegates-Lambda-LINQ.csproj", "{A3C5479C-0358-4825-9CFE-60228E35B838}"
EndProject
Global
	GlobalSection(SolutionConfigurationPlatforms) = preSolution
		Debug|Any CPU = Debug|Any CPU
		Release|Any CPU = Release|Any CPU
	EndGlobalSection
	GlobalSection(ProjectConfigurationPlatforms) = postSolution
		{A3C5479C-0358-4825-9CFE-60228E35B838}.Debug|Any CPU.ActiveCfg = Debug|Any CPU
		{A3C5479C-0358-4825-9CFE-60228E35B838}.Debug|Any CPU.Build.0 = Debug|Any CPU
		{A3C5479C-0358-4825-9CFE-60228E35B838}.Release|Any CPU.ActiveCfg = Release|Any CPU
		{A3C5479C-0358-4825-9CFE-60228E35B838}.Release|Any CPU.Build.0 = Release|Any CPU
	EndGlobalSection
	GlobalSection(SolutionProperties) = preSolution
		HideSolutionNode = FALSE
	EndGlobalSection
EndGlobal
