
Microsoft Visual Studio Solution File, Format Version 12.00
# Visual Studio 2012
Project("{FAE04EC0-301F-11D3-BF4B-00C04F79EFBC}") = "TreesAndTraversals", "TreesAndTraversals\TreesAndTraversals.csproj", "{7567BC07-873C-4DDC-89FE-3C1A88BA1DED}"
EndProject
Global
	GlobalSection(SolutionConfigurationPlatforms) = preSolution
		Debug|Any CPU = Debug|Any CPU
		Release|Any CPU = Release|Any CPU
	EndGlobalSection
	GlobalSection(ProjectConfigurationPlatforms) = postSolution
		{7567BC07-873C-4DDC-89FE-3C1A88BA1DED}.Debug|Any CPU.ActiveCfg = Debug|Any CPU
		{7567BC07-873C-4DDC-89FE-3C1A88BA1DED}.Debug|Any CPU.Build.0 = Debug|Any CPU
		{7567BC07-873C-4DDC-89FE-3C1A88BA1DED}.Release|Any CPU.ActiveCfg = Release|Any CPU
		{7567BC07-873C-4DDC-89FE-3C1A88BA1DED}.Release|Any CPU.Build.0 = Release|Any CPU
	EndGlobalSection
	GlobalSection(SolutionProperties) = preSolution
		HideSolutionNode = FALSE
	EndGlobalSection
EndGlobal
